
Microsoft Visual Studio Solution File, Format Version 12.00
# Visual Studio Version 17
VisualStudioVersion = 17.5.002.0
MinimumVisualStudioVersion = 10.0.40219.1
Project("{9A19103F-16F7-4668-BE54-9A1E7A4F7556}") = "Tutorial", "Tutorial.csproj", "{B0B4F0C6-B771-4D06-A858-0E3D02AF57A4}"
EndProject
Global
	GlobalSection(SolutionConfigurationPlatforms) = preSolution
		Debug|Any CPU = Debug|Any CPU
		Release|Any CPU = Release|Any CPU
	EndGlobalSection
	GlobalSection(ProjectConfigurationPlatforms) = postSolution
		{B0B4F0C6-B771-4D06-A858-0E3D02AF57A4}.Debug|Any CPU.ActiveCfg = Debug|Any CPU
		{B0B4F0C6-B771-4D06-A858-0E3D02AF57A4}.Debug|Any CPU.Build.0 = Debug|Any CPU
		{B0B4F0C6-B771-4D06-A858-0E3D02AF57A4}.Release|Any CPU.ActiveCfg = Release|Any CPU
		{B0B4F0C6-B771-4D06-A858-0E3D02AF57A4}.Release|Any CPU.Build.0 = Release|Any CPU
	EndGlobalSection
	GlobalSection(SolutionProperties) = preSolution
		HideSolutionNode = FALSE
	EndGlobalSection
	GlobalSection(ExtensibilityGlobals) = postSolution
		SolutionGuid = {2189FA56-AA28-42EB-BE0B-DE3F6015CA50}
	EndGlobalSection
EndGlobal
